// !$*UTF8*$!
{
	archiveVersion = 1;
	classes = {
	};
	objectVersion = 50;
	objects = {

/* Begin PBXBuildFile section */
		392AB762230605D300FADD4C /* ToDoItemView.swift in Sources */ = {isa = PBXBuildFile; fileRef = 392AB761230605D300FADD4C /* ToDoItemView.swift */; };
		394505E22305FBFF00806ABD /* AppDelegate.swift in Sources */ = {isa = PBXBuildFile; fileRef = 394505E12305FBFF00806ABD /* AppDelegate.swift */; };
		394505E42305FBFF00806ABD /* SceneDelegate.swift in Sources */ = {isa = PBXBuildFile; fileRef = 394505E32305FBFF00806ABD /* SceneDelegate.swift */; };
		394505E72305FBFF00806ABD /* CoreDateSwiftUI.xcdatamodeld in Sources */ = {isa = PBXBuildFile; fileRef = 394505E52305FBFF00806ABD /* CoreDateSwiftUI.xcdatamodeld */; };
		394505E92305FBFF00806ABD /* ContentView.swift in Sources */ = {isa = PBXBuildFile; fileRef = 394505E82305FBFF00806ABD /* ContentView.swift */; };
		394505EB2305FC0100806ABD /* Assets.xcassets in Resources */ = {isa = PBXBuildFile; fileRef = 394505EA2305FC0100806ABD /* Assets.xcassets */; };
		394505EE2305FC0100806ABD /* Preview Assets.xcassets in Resources */ = {isa = PBXBuildFile; fileRef = 394505ED2305FC0100806ABD /* Preview Assets.xcassets */; };
		394505F12305FC0100806ABD /* LaunchScreen.storyboard in Resources */ = {isa = PBXBuildFile; fileRef = 394505EF2305FC0100806ABD /* LaunchScreen.storyboard */; };
		394505F92305FF4F00806ABD /* ToDoItem.swift in Sources */ = {isa = PBXBuildFile; fileRef = 394505F82305FF4F00806ABD /* ToDoItem.swift */; };
/* End PBXBuildFile section */

/* Begin PBXFileReference section */
		392AB761230605D300FADD4C /* ToDoItemView.swift */ = {isa = PBXFileReference; lastKnownFileType = sourcecode.swift; path = ToDoItemView.swift; sourceTree = "<group>"; };
		394505DE2305FBFF00806ABD /* CoreDateSwiftUI.app */ = {isa = PBXFileReference; explicitFileType = wrapper.application; includeInIndex = 0; path = CoreDateSwiftUI.app; sourceTree = BUILT_PRODUCTS_DIR; };
		394505E12305FBFF00806ABD /* AppDelegate.swift */ = {isa = PBXFileReference; lastKnownFileType = sourcecode.swift; path = AppDelegate.swift; sourceTree = "<group>"; };
		394505E32305FBFF00806ABD /* SceneDelegate.swift */ = {isa = PBXFileReference; lastKnownFileType = sourcecode.swift; path = SceneDelegate.swift; sourceTree = "<group>"; };
		394505E62305FBFF00806ABD /* CoreDateSwiftUI.xcdatamodel */ = {isa = PBXFileReference; lastKnownFileType = wrapper.xcdatamodel; path = CoreDateSwiftUI.xcdatamodel; sourceTree = "<group>"; };
		394505E82305FBFF00806ABD /* ContentView.swift */ = {isa = PBXFileReference; lastKnownFileType = sourcecode.swift; path = ContentView.swift; sourceTree = "<group>"; };
		394505EA2305FC0100806ABD /* Assets.xcassets */ = {isa = PBXFileReference; lastKnownFileType = folder.assetcatalog; path = Assets.xcassets; sourceTree = "<group>"; };
		394505ED2305FC0100806ABD /* Preview Assets.xcassets */ = {isa = PBXFileReference; lastKnownFileType = folder.assetcatalog; path = "Preview Assets.xcassets"; sourceTree = "<group>"; };
		394505F02305FC0100806ABD /* Base */ = {isa = PBXFileReference; lastKnownFileType = file.storyboard; name = Base; path = Base.lproj/LaunchScreen.storyboard; sourceTree = "<group>"; };
		394505F22305FC0100806ABD /* Info.plist */ = {isa = PBXFileReference; lastKnownFileType = text.plist.xml; path = Info.plist; sourceTree = "<group>"; };
		394505F82305FF4F00806ABD /* ToDoItem.swift */ = {isa = PBXFileReference; lastKnownFileType = sourcecode.swift; path = ToDoItem.swift; sourceTree = "<group>"; };
/* End PBXFileReference section */

/* Begin PBXFrameworksBuildPhase section */
		394505DB2305FBFF00806ABD /* Frameworks */ = {
			isa = PBXFrameworksBuildPhase;
			buildActionMask = 2147483647;
			files = (
			);
			runOnlyForDeploymentPostprocessing = 0;
		};
/* End PBXFrameworksBuildPhase section */

/* Begin PBXGroup section */
		394505D52305FBFF00806ABD = {
			isa = PBXGroup;
			children = (
				394505E02305FBFF00806ABD /* CoreDateSwiftUI */,
				394505DF2305FBFF00806ABD /* Products */,
			);
			sourceTree = "<group>";
		};
		394505DF2305FBFF00806ABD /* Products */ = {
			isa = PBXGroup;
			children = (
				394505DE2305FBFF00806ABD /* CoreDateSwiftUI.app */,
			);
			name = Products;
			sourceTree = "<group>";
		};
		394505E02305FBFF00806ABD /* CoreDateSwiftUI */ = {
			isa = PBXGroup;
			children = (
				392AB761230605D300FADD4C /* ToDoItemView.swift */,
				394505E12305FBFF00806ABD /* AppDelegate.swift */,
				394505E32305FBFF00806ABD /* SceneDelegate.swift */,
				394505E82305FBFF00806ABD /* ContentView.swift */,
				394505F82305FF4F00806ABD /* ToDoItem.swift */,
				394505EA2305FC0100806ABD /* Assets.xcassets */,
				394505EF2305FC0100806ABD /* LaunchScreen.storyboard */,
				394505F22305FC0100806ABD /* Info.plist */,
				394505E52305FBFF00806ABD /* CoreDateSwiftUI.xcdatamodeld */,
				394505EC2305FC0100806ABD /* Preview Content */,
			);
			path = CoreDateSwiftUI;
			sourceTree = "<group>";
		};
		394505EC2305FC0100806ABD /* Preview Content */ = {
			isa = PBXGroup;
			children = (
				394505ED2305FC0100806ABD /* Preview Assets.xcassets */,
			);
			path = "Preview Content";
			sourceTree = "<group>";
		};
/* End PBXGroup section */

/* Begin PBXNativeTarget section */
		394505DD2305FBFF00806ABD /* CoreDateSwiftUI */ = {
			isa = PBXNativeTarget;
			buildConfigurationList = 394505F52305FC0100806ABD /* Build configuration list for PBXNativeTarget "CoreDateSwiftUI" */;
			buildPhases = (
				394505DA2305FBFF00806ABD /* Sources */,
				394505DB2305FBFF00806ABD /* Frameworks */,
				394505DC2305FBFF00806ABD /* Resources */,
			);
			buildRules = (
			);
			dependencies = (
			);
			name = CoreDateSwiftUI;
			productName = CoreDateSwiftUI;
			productReference = 394505DE2305FBFF00806ABD /* CoreDateSwiftUI.app */;
			productType = "com.apple.product-type.application";
		};
/* End PBXNativeTarget section */

/* Begin PBXProject section */
		394505D62305FBFF00806ABD /* Project object */ = {
			isa = PBXProject;
			attributes = {
				LastSwiftUpdateCheck = 1100;
				LastUpgradeCheck = 1100;
				ORGANIZATIONNAME = Kilian;
				TargetAttributes = {
					394505DD2305FBFF00806ABD = {
						CreatedOnToolsVersion = 11.0;
					};
				};
			};
			buildConfigurationList = 394505D92305FBFF00806ABD /* Build configuration list for PBXProject "CoreDateSwiftUI" */;
			compatibilityVersion = "Xcode 9.3";
			developmentRegion = en;
			hasScannedForEncodings = 0;
			knownRegions = (
				en,
				Base,
			);
			mainGroup = 394505D52305FBFF00806ABD;
			productRefGroup = 394505DF2305FBFF00806ABD /* Products */;
			projectDirPath = "";
			projectRoot = "";
			targets = (
				394505DD2305FBFF00806ABD /* CoreDateSwiftUI */,
			);
		};
/* End PBXProject section */

/* Begin PBXResourcesBuildPhase section */
		394505DC2305FBFF00806ABD /* Resources */ = {
			isa = PBXResourcesBuildPhase;
			buildActionMask = 2147483647;
			files = (
				394505F12305FC0100806ABD /* LaunchScreen.storyboard in Resources */,
				394505EE2305FC0100806ABD /* Preview Assets.xcassets in Resources */,
				394505EB2305FC0100806ABD /* Assets.xcassets in Resources */,
			);
			runOnlyForDeploymentPostprocessing = 0;
		};
/* End PBXResourcesBuildPhase section */

/* Begin PBXSourcesBuildPhase section */
		394505DA2305FBFF00806ABD /* Sources */ = {
			isa = PBXSourcesBuildPhase;
			buildActionMask = 2147483647;
			files = (
				394505E22305FBFF00806ABD /* AppDelegate.swift in Sources */,
				392AB762230605D300FADD4C /* ToDoItemView.swift in Sources */,
				394505E42305FBFF00806ABD /* SceneDelegate.swift in Sources */,
				394505F92305FF4F00806ABD /* ToDoItem.swift in Sources */,
				394505E92305FBFF00806ABD /* ContentView.swift in Sources */,
				394505E72305FBFF00806ABD /* CoreDateSwiftUI.xcdatamodeld in Sources */,
			);
			runOnlyForDeploymentPostprocessing = 0;
		};
/* End PBXSourcesBuildPhase section */

/* Begin PBXVariantGroup section */
		394505EF2305FC0100806ABD /* LaunchScreen.storyboard */ = {
			isa = PBXVariantGroup;
			children = (
				394505F02305FC0100806ABD /* Base */,
			);
			name = LaunchScreen.storyboard;
			sourceTree = "<group>";
		};
/* End PBXVariantGroup section */

/* Begin XCBuildConfiguration section */
		394505F32305FC0100806ABD /* Debug */ = {
			isa = XCBuildConfiguration;
			buildSettings = {
				ALWAYS_SEARCH_USER_PATHS = NO;
				CLANG_ANALYZER_NONNULL = YES;
				CLANG_ANALYZER_NUMBER_OBJECT_CONVERSION = YES_AGGRESSIVE;
				CLANG_CXX_LANGUAGE_STANDARD = "gnu++14";
				CLANG_CXX_LIBRARY = "libc++";
				CLANG_ENABLE_MODULES = YES;
				CLANG_ENABLE_OBJC_ARC = YES;
				CLANG_ENABLE_OBJC_WEAK = YES;
				CLANG_WARN_BLOCK_CAPTURE_AUTORELEASING = YES;
				CLANG_WARN_BOOL_CONVERSION = YES;
				CLANG_WARN_COMMA = YES;
				CLANG_WARN_CONSTANT_CONVERSION = YES;
				CLANG_WARN_DEPRECATED_OBJC_IMPLEMENTATIONS = YES;
				CLANG_WARN_DIRECT_OBJC_ISA_USAGE = YES_ERROR;
				CLANG_WARN_DOCUMENTATION_COMMENTS = YES;
				CLANG_WARN_EMPTY_BODY = YES;
				CLANG_WARN_ENUM_CONVERSION = YES;
				CLANG_WARN_INFINITE_RECURSION = YES;
				CLANG_WARN_INT_CONVERSION = YES;
				CLANG_WARN_NON_LITERAL_NULL_CONVERSION = YES;
				CLANG_WARN_OBJC_IMPLICIT_RETAIN_SELF = YES;
				CLANG_WARN_OBJC_LITERAL_CONVERSION = YES;
				CLANG_WARN_OBJC_ROOT_CLASS = YES_ERROR;
				CLANG_WARN_RANGE_LOOP_ANALYSIS = YES;
				CLANG_WARN_STRICT_PROTOTYPES = YES;
				CLANG_WARN_SUSPICIOUS_MOVE = YES;
				CLANG_WARN_UNGUARDED_AVAILABILITY = YES_AGGRESSIVE;
				CLANG_WARN_UNREACHABLE_CODE = YES;
				CLANG_WARN__DUPLICATE_METHOD_MATCH = YES;
				COPY_PHASE_STRIP = NO;
				DEBUG_INFORMATION_FORMAT = dwarf;
				ENABLE_STRICT_OBJC_MSGSEND = YES;
				ENABLE_TESTABILITY = YES;
				GCC_C_LANGUAGE_STANDARD = gnu11;
				GCC_DYNAMIC_NO_PIC = NO;
				GCC_NO_COMMON_BLOCKS = YES;
				GCC_OPTIMIZATION_LEVEL = 0;
				GCC_PREPROCESSOR_DEFINITIONS = (
					"DEBUG=1",
					"$(inherited)",
				);
				GCC_WARN_64_TO_32_BIT_CONVERSION = YES;
				GCC_WARN_ABOUT_RETURN_TYPE = YES_ERROR;
				GCC_WARN_UNDECLARED_SELECTOR = YES;
				GCC_WARN_UNINITIALIZED_AUTOS = YES_AGGRESSIVE;
				GCC_WARN_UNUSED_FUNCTION = YES;
				GCC_WARN_UNUSED_VARIABLE = YES;
				IPHONEOS_DEPLOYMENT_TARGET = 13.0;
				MTL_ENABLE_DEBUG_INFO = INCLUDE_SOURCE;
				MTL_FAST_MATH = YES;
				ONLY_ACTIVE_ARCH = YES;
				SDKROOT = iphoneos;
				SWIFT_ACTIVE_COMPILATION_CONDITIONS = DEBUG;
				SWIFT_OPTIMIZATION_LEVEL = "-Onone";
			};
			name = Debug;
		};
		394505F42305FC0100806ABD /* Release */ = {
			isa = XCBuildConfiguration;
			buildSettings = {
				ALWAYS_SEARCH_USER_PATHS = NO;
				CLANG_ANALYZER_NONNULL = YES;
				CLANG_ANALYZER_NUMBER_OBJECT_CONVERSION = YES_AGGRESSIVE;
				CLANG_CXX_LANGUAGE_STANDARD = "gnu++14";
				CLANG_CXX_LIBRARY = "libc++";
				CLANG_ENABLE_MODULES = YES;
				CLANG_ENABLE_OBJC_ARC = YES;
				CLANG_ENABLE_OBJC_WEAK = YES;
				CLANG_WARN_BLOCK_CAPTURE_AUTORELEASING = YES;
				CLANG_WARN_BOOL_CONVERSION = YES;
				CLANG_WARN_COMMA = YES;
				CLANG_WARN_CONSTANT_CONVERSION = YES;
				CLANG_WARN_DEPRECATED_OBJC_IMPLEMENTATIONS = YES;
				CLANG_WARN_DIRECT_OBJC_ISA_USAGE = YES_ERROR;
				CLANG_WARN_DOCUMENTATION_COMMENTS = YES;
				CLANG_WARN_EMPTY_BODY = YES;
				CLANG_WARN_ENUM_CONVERSION = YES;
				CLANG_WARN_INFINITE_RECURSION = YES;
				CLANG_WARN_INT_CONVERSION = YES;
				CLANG_WARN_NON_LITERAL_NULL_CONVERSION = YES;
				CLANG_WARN_OBJC_IMPLICIT_RETAIN_SELF = YES;
				CLANG_WARN_OBJC_LITERAL_CONVERSION = YES;
				CLANG_WARN_OBJC_ROOT_CLASS = YES_ERROR;
				CLANG_WARN_RANGE_LOOP_ANALYSIS = YES;
				CLANG_WARN_STRICT_PROTOTYPES = YES;
				CLANG_WARN_SUSPICIOUS_MOVE = YES;
				CLANG_WARN_UNGUARDED_AVAILABILITY = YES_AGGRESSIVE;
				CLANG_WARN_UNREACHABLE_CODE = YES;
				CLANG_WARN__DUPLICATE_METHOD_MATCH = YES;
				COPY_PHASE_STRIP = NO;
				DEBUG_INFORMATION_FORMAT = "dwarf-with-dsym";
				ENABLE_NS_ASSERTIONS = NO;
				ENABLE_STRICT_OBJC_MSGSEND = YES;
				GCC_C_LANGUAGE_STANDARD = gnu11;
				GCC_NO_COMMON_BLOCKS = YES;
				GCC_WARN_64_TO_32_BIT_CONVERSION = YES;
				GCC_WARN_ABOUT_RETURN_TYPE = YES_ERROR;
				GCC_WARN_UNDECLARED_SELECTOR = YES;
				GCC_WARN_UNINITIALIZED_AUTOS = YES_AGGRESSIVE;
				GCC_WARN_UNUSED_FUNCTION = YES;
				GCC_WARN_UNUSED_VARIABLE = YES;
				IPHONEOS_DEPLOYMENT_TARGET = 13.0;
				MTL_ENABLE_DEBUG_INFO = NO;
				MTL_FAST_MATH = YES;
				SDKROOT = iphoneos;
				SWIFT_COMPILATION_MODE = wholemodule;
				SWIFT_OPTIMIZATION_LEVEL = "-O";
				VALIDATE_PRODUCT = YES;
			};
			name = Release;
		};
		394505F62305FC0100806ABD /* Debug */ = {
			isa = XCBuildConfiguration;
			buildSettings = {
				ASSETCATALOG_COMPILER_APPICON_NAME = AppIcon;
				CODE_SIGN_STYLE = Automatic;
				DEVELOPMENT_ASSET_PATHS = "CoreDateSwiftUI/Preview\\ Content";
				DEVELOPMENT_TEAM = V4EQG7WTM5;
				ENABLE_PREVIEWS = YES;
				INFOPLIST_FILE = CoreDateSwiftUI/Info.plist;
				LD_RUNPATH_SEARCH_PATHS = (
					"$(inherited)",
					"@executable_path/Frameworks",
				);
				PRODUCT_BUNDLE_IDENTIFIER = Kiian.CoreDateSwiftUI;
				PRODUCT_NAME = "$(TARGET_NAME)";
				SWIFT_VERSION = 5.0;
				TARGETED_DEVICE_FAMILY = "1,2";
			};
			name = Debug;
		};
		394505F72305FC0100806ABD /* Release */ = {
			isa = XCBuildConfiguration;
			buildSettings = {
				ASSETCATALOG_COMPILER_APPICON_NAME = AppIcon;
				CODE_SIGN_STYLE = Automatic;
				DEVELOPMENT_ASSET_PATHS = "CoreDateSwiftUI/Preview\\ Content";
				DEVELOPMENT_TEAM = V4EQG7WTM5;
				ENABLE_PREVIEWS = YES;
				INFOPLIST_FILE = CoreDateSwiftUI/Info.plist;
				LD_RUNPATH_SEARCH_PATHS = (
					"$(inherited)",
					"@executable_path/Frameworks",
				);
				PRODUCT_BUNDLE_IDENTIFIER = Kiian.CoreDateSwiftUI;
				PRODUCT_NAME = "$(TARGET_NAME)";
				SWIFT_VERSION = 5.0;
				TARGETED_DEVICE_FAMILY = "1,2";
			};
			name = Release;
		};
/* End XCBuildConfiguration section */

/* Begin XCConfigurationList section */
		394505D92305FBFF00806ABD /* Build configuration list for PBXProject "CoreDateSwiftUI" */ = {
			isa = XCConfigurationList;
			buildConfigurations = (
				394505F32305FC0100806ABD /* Debug */,
				394505F42305FC0100806ABD /* Release */,
			);
			defaultConfigurationIsVisible = 0;
			defaultConfigurationName = Release;
		};
		394505F52305FC0100806ABD /* Build configuration list for PBXNativeTarget "CoreDateSwiftUI" */ = {
			isa = XCConfigurationList;
			buildConfigurations = (
				394505F62305FC0100806ABD /* Debug */,
				394505F72305FC0100806ABD /* Release */,
			);
			defaultConfigurationIsVisible = 0;
			defaultConfigurationName = Release;
		};
/* End XCConfigurationList section */

/* Begin XCVersionGroup section */
		394505E52305FBFF00806ABD /* CoreDateSwiftUI.xcdatamodeld */ = {
			isa = XCVersionGroup;
			children = (
				394505E62305FBFF00806ABD /* CoreDateSwiftUI.xcdatamodel */,
			);
			currentVersion = 394505E62305FBFF00806ABD /* CoreDateSwiftUI.xcdatamodel */;
			path = CoreDateSwiftUI.xcdatamodeld;
			sourceTree = "<group>";
			versionGroupType = wrapper.xcdatamodel;
		};
/* End XCVersionGroup section */
	};
	rootObject = 394505D62305FBFF00806ABD /* Project object */;
}
